// !$*UTF8*$!
{
	archiveVersion = 1;
	classes = {
	};
	objectVersion = 56;
	objects = {

/* Begin PBXBuildFile section */
		44ED39CF2C85AF6000E3E9CF /* SwiftUIPracticeProjectApp.swift in Sources */ = {isa = PBXBuildFile; fileRef = 44ED39CE2C85AF6000E3E9CF /* SwiftUIPracticeProjectApp.swift */; };
		44ED39D12C85AF6000E3E9CF /* ContentView.swift in Sources */ = {isa = PBXBuildFile; fileRef = 44ED39D02C85AF6000E3E9CF /* ContentView.swift */; };
		44ED39D32C85AF6200E3E9CF /* Assets.xcassets in Resources */ = {isa = PBXBuildFile; fileRef = 44ED39D22C85AF6200E3E9CF /* Assets.xcassets */; };
		44ED39D62C85AF6200E3E9CF /* Preview Assets.xcassets in Resources */ = {isa = PBXBuildFile; fileRef = 44ED39D52C85AF6200E3E9CF /* Preview Assets.xcassets */; };
		44ED39DD2C85B19900E3E9CF /* FirstView.swift in Sources */ = {isa = PBXBuildFile; fileRef = 44ED39DC2C85B19900E3E9CF /* FirstView.swift */; };
		44ED39E02C85B5F500E3E9CF /* RediusBlueBackground.swift in Sources */ = {isa = PBXBuildFile; fileRef = 44ED39DF2C85B5F500E3E9CF /* RediusBlueBackground.swift */; };
		44ED39E42C85B6D800E3E9CF /* SecondView.swift in Sources */ = {isa = PBXBuildFile; fileRef = 44ED39E32C85B6D800E3E9CF /* SecondView.swift */; };
		44ED39E72C85C19D00E3E9CF /* ProfileCircle.swift in Sources */ = {isa = PBXBuildFile; fileRef = 44ED39E62C85C19D00E3E9CF /* ProfileCircle.swift */; };
		44ED39E92C85D08C00E3E9CF /* FourthView.swift in Sources */ = {isa = PBXBuildFile; fileRef = 44ED39E82C85D08C00E3E9CF /* FourthView.swift */; };
		44ED39EB2C86032C00E3E9CF /* ThirdView.swift in Sources */ = {isa = PBXBuildFile; fileRef = 44ED39EA2C86032C00E3E9CF /* ThirdView.swift */; };
		44ED39F72C87286F00E3E9CF /* SearchView.swift in Sources */ = {isa = PBXBuildFile; fileRef = 44ED39F62C87286F00E3E9CF /* SearchView.swift */; };
		44ED39F92C87296300E3E9CF /* Coin.swift in Sources */ = {isa = PBXBuildFile; fileRef = 44ED39F82C87296300E3E9CF /* Coin.swift */; };
		44ED39FB2C8779E300E3E9CF /* UpbitAPI.swift in Sources */ = {isa = PBXBuildFile; fileRef = 44ED39FA2C8779E300E3E9CF /* UpbitAPI.swift */; };
		44ED39FF2C885B5000E3E9CF /* MyRandomImageView.swift in Sources */ = {isa = PBXBuildFile; fileRef = 44ED39FE2C885B5000E3E9CF /* MyRandomImageView.swift */; };
		44ED3A012C885C5100E3E9CF /* NavigationLazyView.swift in Sources */ = {isa = PBXBuildFile; fileRef = 44ED3A002C885C5100E3E9CF /* NavigationLazyView.swift */; };
		44ED3A042C885D4100E3E9CF /* NavigationWrapper.swift in Sources */ = {isa = PBXBuildFile; fileRef = 44ED3A032C885D4100E3E9CF /* NavigationWrapper.swift */; };
		44ED3A062C885E5C00E3E9CF /* NavigationBarWrapper.swift in Sources */ = {isa = PBXBuildFile; fileRef = 44ED3A052C885E5C00E3E9CF /* NavigationBarWrapper.swift */; };
		44ED3A082C88789500E3E9CF /* LoremPicsumAPI.swift in Sources */ = {isa = PBXBuildFile; fileRef = 44ED3A072C88789500E3E9CF /* LoremPicsumAPI.swift */; };
		44ED3A0A2C88A7AE00E3E9CF /* CategoryView.swift in Sources */ = {isa = PBXBuildFile; fileRef = 44ED3A092C88A7AE00E3E9CF /* CategoryView.swift */; };
/* End PBXBuildFile section */

/* Begin PBXFileReference section */
		44ED39CB2C85AF6000E3E9CF /* SwiftUIPracticeProject.app */ = {isa = PBXFileReference; explicitFileType = wrapper.application; includeInIndex = 0; path = SwiftUIPracticeProject.app; sourceTree = BUILT_PRODUCTS_DIR; };
		44ED39CE2C85AF6000E3E9CF /* SwiftUIPracticeProjectApp.swift */ = {isa = PBXFileReference; lastKnownFileType = sourcecode.swift; path = SwiftUIPracticeProjectApp.swift; sourceTree = "<group>"; };
		44ED39D02C85AF6000E3E9CF /* ContentView.swift */ = {isa = PBXFileReference; lastKnownFileType = sourcecode.swift; path = ContentView.swift; sourceTree = "<group>"; };
		44ED39D22C85AF6200E3E9CF /* Assets.xcassets */ = {isa = PBXFileReference; lastKnownFileType = folder.assetcatalog; path = Assets.xcassets; sourceTree = "<group>"; };
		44ED39D52C85AF6200E3E9CF /* Preview Assets.xcassets */ = {isa = PBXFileReference; lastKnownFileType = folder.assetcatalog; path = "Preview Assets.xcassets"; sourceTree = "<group>"; };
		44ED39DC2C85B19900E3E9CF /* FirstView.swift */ = {isa = PBXFileReference; lastKnownFileType = sourcecode.swift; path = FirstView.swift; sourceTree = "<group>"; };
		44ED39DF2C85B5F500E3E9CF /* RediusBlueBackground.swift */ = {isa = PBXFileReference; lastKnownFileType = sourcecode.swift; path = RediusBlueBackground.swift; sourceTree = "<group>"; };
		44ED39E32C85B6D800E3E9CF /* SecondView.swift */ = {isa = PBXFileReference; lastKnownFileType = sourcecode.swift; path = SecondView.swift; sourceTree = "<group>"; };
		44ED39E62C85C19D00E3E9CF /* ProfileCircle.swift */ = {isa = PBXFileReference; lastKnownFileType = sourcecode.swift; path = ProfileCircle.swift; sourceTree = "<group>"; };
		44ED39E82C85D08C00E3E9CF /* FourthView.swift */ = {isa = PBXFileReference; lastKnownFileType = sourcecode.swift; path = FourthView.swift; sourceTree = "<group>"; };
		44ED39EA2C86032C00E3E9CF /* ThirdView.swift */ = {isa = PBXFileReference; lastKnownFileType = sourcecode.swift; path = ThirdView.swift; sourceTree = "<group>"; };
		44ED39F62C87286F00E3E9CF /* SearchView.swift */ = {isa = PBXFileReference; lastKnownFileType = sourcecode.swift; path = SearchView.swift; sourceTree = "<group>"; };
		44ED39F82C87296300E3E9CF /* Coin.swift */ = {isa = PBXFileReference; lastKnownFileType = sourcecode.swift; path = Coin.swift; sourceTree = "<group>"; };
		44ED39FA2C8779E300E3E9CF /* UpbitAPI.swift */ = {isa = PBXFileReference; lastKnownFileType = sourcecode.swift; path = UpbitAPI.swift; sourceTree = "<group>"; };
		44ED39FE2C885B5000E3E9CF /* MyRandomImageView.swift */ = {isa = PBXFileReference; lastKnownFileType = sourcecode.swift; path = MyRandomImageView.swift; sourceTree = "<group>"; };
		44ED3A002C885C5100E3E9CF /* NavigationLazyView.swift */ = {isa = PBXFileReference; lastKnownFileType = sourcecode.swift; path = NavigationLazyView.swift; sourceTree = "<group>"; };
		44ED3A032C885D4100E3E9CF /* NavigationWrapper.swift */ = {isa = PBXFileReference; lastKnownFileType = sourcecode.swift; path = NavigationWrapper.swift; sourceTree = "<group>"; };
		44ED3A052C885E5C00E3E9CF /* NavigationBarWrapper.swift */ = {isa = PBXFileReference; lastKnownFileType = sourcecode.swift; path = NavigationBarWrapper.swift; sourceTree = "<group>"; };
		44ED3A072C88789500E3E9CF /* LoremPicsumAPI.swift */ = {isa = PBXFileReference; lastKnownFileType = sourcecode.swift; path = LoremPicsumAPI.swift; sourceTree = "<group>"; };
		44ED3A092C88A7AE00E3E9CF /* CategoryView.swift */ = {isa = PBXFileReference; lastKnownFileType = sourcecode.swift; path = CategoryView.swift; sourceTree = "<group>"; };
/* End PBXFileReference section */

/* Begin PBXFrameworksBuildPhase section */
		44ED39C82C85AF6000E3E9CF /* Frameworks */ = {
			isa = PBXFrameworksBuildPhase;
			buildActionMask = 2147483647;
			files = (
			);
			runOnlyForDeploymentPostprocessing = 0;
		};
/* End PBXFrameworksBuildPhase section */

/* Begin PBXGroup section */
		44ED39C22C85AF6000E3E9CF = {
			isa = PBXGroup;
			children = (
				44ED39CD2C85AF6000E3E9CF /* SwiftUIPracticeProject */,
				44ED39CC2C85AF6000E3E9CF /* Products */,
			);
			sourceTree = "<group>";
		};
		44ED39CC2C85AF6000E3E9CF /* Products */ = {
			isa = PBXGroup;
			children = (
				44ED39CB2C85AF6000E3E9CF /* SwiftUIPracticeProject.app */,
			);
			name = Products;
			sourceTree = "<group>";
		};
		44ED39CD2C85AF6000E3E9CF /* SwiftUIPracticeProject */ = {
			isa = PBXGroup;
			children = (
				44ED3A022C885D2B00E3E9CF /* Wrapper */,
				44ED39DE2C85B1E300E3E9CF /* CustomModifier */,
				44ED39E52C85C17600E3E9CF /* CustomView */,
				44ED39CE2C85AF6000E3E9CF /* SwiftUIPracticeProjectApp.swift */,
				44ED39D02C85AF6000E3E9CF /* ContentView.swift */,
				44ED39D22C85AF6200E3E9CF /* Assets.xcassets */,
				44ED39DC2C85B19900E3E9CF /* FirstView.swift */,
				44ED39E32C85B6D800E3E9CF /* SecondView.swift */,
				44ED39EA2C86032C00E3E9CF /* ThirdView.swift */,
				44ED39E82C85D08C00E3E9CF /* FourthView.swift */,
				44ED39F82C87296300E3E9CF /* Coin.swift */,
				44ED39FA2C8779E300E3E9CF /* UpbitAPI.swift */,
				44ED39F62C87286F00E3E9CF /* SearchView.swift */,
				44ED3A072C88789500E3E9CF /* LoremPicsumAPI.swift */,
				44ED39FE2C885B5000E3E9CF /* MyRandomImageView.swift */,
				44ED3A092C88A7AE00E3E9CF /* CategoryView.swift */,
				44ED39D42C85AF6200E3E9CF /* Preview Content */,
			);
			path = SwiftUIPracticeProject;
			sourceTree = "<group>";
		};
		44ED39D42C85AF6200E3E9CF /* Preview Content */ = {
			isa = PBXGroup;
			children = (
				44ED39D52C85AF6200E3E9CF /* Preview Assets.xcassets */,
			);
			path = "Preview Content";
			sourceTree = "<group>";
		};
		44ED39DE2C85B1E300E3E9CF /* CustomModifier */ = {
			isa = PBXGroup;
			children = (
				44ED39DF2C85B5F500E3E9CF /* RediusBlueBackground.swift */,
			);
			path = CustomModifier;
			sourceTree = "<group>";
		};
		44ED39E52C85C17600E3E9CF /* CustomView */ = {
			isa = PBXGroup;
			children = (
				44ED39E62C85C19D00E3E9CF /* ProfileCircle.swift */,
				44ED3A002C885C5100E3E9CF /* NavigationLazyView.swift */,
			);
			path = CustomView;
			sourceTree = "<group>";
		};
		44ED3A022C885D2B00E3E9CF /* Wrapper */ = {
			isa = PBXGroup;
			children = (
				44ED3A032C885D4100E3E9CF /* NavigationWrapper.swift */,
				44ED3A052C885E5C00E3E9CF /* NavigationBarWrapper.swift */,
			);
			path = Wrapper;
			sourceTree = "<group>";
		};
/* End PBXGroup section */

/* Begin PBXNativeTarget section */
		44ED39CA2C85AF6000E3E9CF /* SwiftUIPracticeProject */ = {
			isa = PBXNativeTarget;
			buildConfigurationList = 44ED39D92C85AF6200E3E9CF /* Build configuration list for PBXNativeTarget "SwiftUIPracticeProject" */;
			buildPhases = (
				44ED39C72C85AF6000E3E9CF /* Sources */,
				44ED39C82C85AF6000E3E9CF /* Frameworks */,
				44ED39C92C85AF6000E3E9CF /* Resources */,
			);
			buildRules = (
			);
			dependencies = (
			);
			name = SwiftUIPracticeProject;
			productName = SwiftUIPracticeProject;
			productReference = 44ED39CB2C85AF6000E3E9CF /* SwiftUIPracticeProject.app */;
			productType = "com.apple.product-type.application";
		};
/* End PBXNativeTarget section */

/* Begin PBXProject section */
		44ED39C32C85AF6000E3E9CF /* Project object */ = {
			isa = PBXProject;
			attributes = {
				BuildIndependentTargetsInParallel = 1;
				LastSwiftUpdateCheck = 1530;
				LastUpgradeCheck = 1530;
				TargetAttributes = {
					44ED39CA2C85AF6000E3E9CF = {
						CreatedOnToolsVersion = 15.3;
					};
				};
			};
			buildConfigurationList = 44ED39C62C85AF6000E3E9CF /* Build configuration list for PBXProject "SwiftUIPracticeProject" */;
			compatibilityVersion = "Xcode 14.0";
			developmentRegion = en;
			hasScannedForEncodings = 0;
			knownRegions = (
				en,
				Base,
			);
			mainGroup = 44ED39C22C85AF6000E3E9CF;
			productRefGroup = 44ED39CC2C85AF6000E3E9CF /* Products */;
			projectDirPath = "";
			projectRoot = "";
			targets = (
				44ED39CA2C85AF6000E3E9CF /* SwiftUIPracticeProject */,
			);
		};
/* End PBXProject section */

/* Begin PBXResourcesBuildPhase section */
		44ED39C92C85AF6000E3E9CF /* Resources */ = {
			isa = PBXResourcesBuildPhase;
			buildActionMask = 2147483647;
			files = (
				44ED39D62C85AF6200E3E9CF /* Preview Assets.xcassets in Resources */,
				44ED39D32C85AF6200E3E9CF /* Assets.xcassets in Resources */,
			);
			runOnlyForDeploymentPostprocessing = 0;
		};
/* End PBXResourcesBuildPhase section */

/* Begin PBXSourcesBuildPhase section */
		44ED39C72C85AF6000E3E9CF /* Sources */ = {
			isa = PBXSourcesBuildPhase;
			buildActionMask = 2147483647;
			files = (
				44ED39EB2C86032C00E3E9CF /* ThirdView.swift in Sources */,
				44ED3A0A2C88A7AE00E3E9CF /* CategoryView.swift in Sources */,
				44ED3A042C885D4100E3E9CF /* NavigationWrapper.swift in Sources */,
				44ED39F72C87286F00E3E9CF /* SearchView.swift in Sources */,
				44ED39D12C85AF6000E3E9CF /* ContentView.swift in Sources */,
				44ED3A012C885C5100E3E9CF /* NavigationLazyView.swift in Sources */,
				44ED39FB2C8779E300E3E9CF /* UpbitAPI.swift in Sources */,
				44ED39E42C85B6D800E3E9CF /* SecondView.swift in Sources */,
				44ED39E02C85B5F500E3E9CF /* RediusBlueBackground.swift in Sources */,
				44ED39E72C85C19D00E3E9CF /* ProfileCircle.swift in Sources */,
				44ED3A082C88789500E3E9CF /* LoremPicsumAPI.swift in Sources */,
				44ED3A062C885E5C00E3E9CF /* NavigationBarWrapper.swift in Sources */,
				44ED39E92C85D08C00E3E9CF /* FourthView.swift in Sources */,
				44ED39DD2C85B19900E3E9CF /* FirstView.swift in Sources */,
				44ED39F92C87296300E3E9CF /* Coin.swift in Sources */,
				44ED39CF2C85AF6000E3E9CF /* SwiftUIPracticeProjectApp.swift in Sources */,
				44ED39FF2C885B5000E3E9CF /* MyRandomImageView.swift in Sources */,
			);
			runOnlyForDeploymentPostprocessing = 0;
		};
/* End PBXSourcesBuildPhase section */

/* Begin XCBuildConfiguration section */
		44ED39D72C85AF6200E3E9CF /* Debug */ = {
			isa = XCBuildConfiguration;
			buildSettings = {
				ALWAYS_SEARCH_USER_PATHS = NO;
				ASSETCATALOG_COMPILER_GENERATE_SWIFT_ASSET_SYMBOL_EXTENSIONS = YES;
				CLANG_ANALYZER_NONNULL = YES;
				CLANG_ANALYZER_NUMBER_OBJECT_CONVERSION = YES_AGGRESSIVE;
				CLANG_CXX_LANGUAGE_STANDARD = "gnu++20";
				CLANG_ENABLE_MODULES = YES;
				CLANG_ENABLE_OBJC_ARC = YES;
				CLANG_ENABLE_OBJC_WEAK = YES;
				CLANG_WARN_BLOCK_CAPTURE_AUTORELEASING = YES;
				CLANG_WARN_BOOL_CONVERSION = YES;
				CLANG_WARN_COMMA = YES;
				CLANG_WARN_CONSTANT_CONVERSION = YES;
				CLANG_WARN_DEPRECATED_OBJC_IMPLEMENTATIONS = YES;
				CLANG_WARN_DIRECT_OBJC_ISA_USAGE = YES_ERROR;
				CLANG_WARN_DOCUMENTATION_COMMENTS = YES;
				CLANG_WARN_EMPTY_BODY = YES;
				CLANG_WARN_ENUM_CONVERSION = YES;
				CLANG_WARN_INFINITE_RECURSION = YES;
				CLANG_WARN_INT_CONVERSION = YES;
				CLANG_WARN_NON_LITERAL_NULL_CONVERSION = YES;
				CLANG_WARN_OBJC_IMPLICIT_RETAIN_SELF = YES;
				CLANG_WARN_OBJC_LITERAL_CONVERSION = YES;
				CLANG_WARN_OBJC_ROOT_CLASS = YES_ERROR;
				CLANG_WARN_QUOTED_INCLUDE_IN_FRAMEWORK_HEADER = YES;
				CLANG_WARN_RANGE_LOOP_ANALYSIS = YES;
				CLANG_WARN_STRICT_PROTOTYPES = YES;
				CLANG_WARN_SUSPICIOUS_MOVE = YES;
				CLANG_WARN_UNGUARDED_AVAILABILITY = YES_AGGRESSIVE;
				CLANG_WARN_UNREACHABLE_CODE = YES;
				CLANG_WARN__DUPLICATE_METHOD_MATCH = YES;
				COPY_PHASE_STRIP = NO;
				DEBUG_INFORMATION_FORMAT = dwarf;
				ENABLE_STRICT_OBJC_MSGSEND = YES;
				ENABLE_TESTABILITY = YES;
				ENABLE_USER_SCRIPT_SANDBOXING = YES;
				GCC_C_LANGUAGE_STANDARD = gnu17;
				GCC_DYNAMIC_NO_PIC = NO;
				GCC_NO_COMMON_BLOCKS = YES;
				GCC_OPTIMIZATION_LEVEL = 0;
				GCC_PREPROCESSOR_DEFINITIONS = (
					"DEBUG=1",
					"$(inherited)",
				);
				GCC_WARN_64_TO_32_BIT_CONVERSION = YES;
				GCC_WARN_ABOUT_RETURN_TYPE = YES_ERROR;
				GCC_WARN_UNDECLARED_SELECTOR = YES;
				GCC_WARN_UNINITIALIZED_AUTOS = YES_AGGRESSIVE;
				GCC_WARN_UNUSED_FUNCTION = YES;
				GCC_WARN_UNUSED_VARIABLE = YES;
				IPHONEOS_DEPLOYMENT_TARGET = 17.4;
				LOCALIZATION_PREFERS_STRING_CATALOGS = YES;
				MTL_ENABLE_DEBUG_INFO = INCLUDE_SOURCE;
				MTL_FAST_MATH = YES;
				ONLY_ACTIVE_ARCH = YES;
				SDKROOT = iphoneos;
				SWIFT_ACTIVE_COMPILATION_CONDITIONS = "DEBUG $(inherited)";
				SWIFT_OPTIMIZATION_LEVEL = "-Onone";
			};
			name = Debug;
		};
		44ED39D82C85AF6200E3E9CF /* Release */ = {
			isa = XCBuildConfiguration;
			buildSettings = {
				ALWAYS_SEARCH_USER_PATHS = NO;
				ASSETCATALOG_COMPILER_GENERATE_SWIFT_ASSET_SYMBOL_EXTENSIONS = YES;
				CLANG_ANALYZER_NONNULL = YES;
				CLANG_ANALYZER_NUMBER_OBJECT_CONVERSION = YES_AGGRESSIVE;
				CLANG_CXX_LANGUAGE_STANDARD = "gnu++20";
				CLANG_ENABLE_MODULES = YES;
				CLANG_ENABLE_OBJC_ARC = YES;
				CLANG_ENABLE_OBJC_WEAK = YES;
				CLANG_WARN_BLOCK_CAPTURE_AUTORELEASING = YES;
				CLANG_WARN_BOOL_CONVERSION = YES;
				CLANG_WARN_COMMA = YES;
				CLANG_WARN_CONSTANT_CONVERSION = YES;
				CLANG_WARN_DEPRECATED_OBJC_IMPLEMENTATIONS = YES;
				CLANG_WARN_DIRECT_OBJC_ISA_USAGE = YES_ERROR;
				CLANG_WARN_DOCUMENTATION_COMMENTS = YES;
				CLANG_WARN_EMPTY_BODY = YES;
				CLANG_WARN_ENUM_CONVERSION = YES;
				CLANG_WARN_INFINITE_RECURSION = YES;
				CLANG_WARN_INT_CONVERSION = YES;
				CLANG_WARN_NON_LITERAL_NULL_CONVERSION = YES;
				CLANG_WARN_OBJC_IMPLICIT_RETAIN_SELF = YES;
				CLANG_WARN_OBJC_LITERAL_CONVERSION = YES;
				CLANG_WARN_OBJC_ROOT_CLASS = YES_ERROR;
				CLANG_WARN_QUOTED_INCLUDE_IN_FRAMEWORK_HEADER = YES;
				CLANG_WARN_RANGE_LOOP_ANALYSIS = YES;
				CLANG_WARN_STRICT_PROTOTYPES = YES;
				CLANG_WARN_SUSPICIOUS_MOVE = YES;
				CLANG_WARN_UNGUARDED_AVAILABILITY = YES_AGGRESSIVE;
				CLANG_WARN_UNREACHABLE_CODE = YES;
				CLANG_WARN__DUPLICATE_METHOD_MATCH = YES;
				COPY_PHASE_STRIP = NO;
				DEBUG_INFORMATION_FORMAT = "dwarf-with-dsym";
				ENABLE_NS_ASSERTIONS = NO;
				ENABLE_STRICT_OBJC_MSGSEND = YES;
				ENABLE_USER_SCRIPT_SANDBOXING = YES;
				GCC_C_LANGUAGE_STANDARD = gnu17;
				GCC_NO_COMMON_BLOCKS = YES;
				GCC_WARN_64_TO_32_BIT_CONVERSION = YES;
				GCC_WARN_ABOUT_RETURN_TYPE = YES_ERROR;
				GCC_WARN_UNDECLARED_SELECTOR = YES;
				GCC_WARN_UNINITIALIZED_AUTOS = YES_AGGRESSIVE;
				GCC_WARN_UNUSED_FUNCTION = YES;
				GCC_WARN_UNUSED_VARIABLE = YES;
				IPHONEOS_DEPLOYMENT_TARGET = 17.4;
				LOCALIZATION_PREFERS_STRING_CATALOGS = YES;
				MTL_ENABLE_DEBUG_INFO = NO;
				MTL_FAST_MATH = YES;
				SDKROOT = iphoneos;
				SWIFT_COMPILATION_MODE = wholemodule;
				VALIDATE_PRODUCT = YES;
			};
			name = Release;
		};
		44ED39DA2C85AF6200E3E9CF /* Debug */ = {
			isa = XCBuildConfiguration;
			buildSettings = {
				ASSETCATALOG_COMPILER_APPICON_NAME = AppIcon;
				ASSETCATALOG_COMPILER_GLOBAL_ACCENT_COLOR_NAME = AccentColor;
				CODE_SIGN_STYLE = Automatic;
				CURRENT_PROJECT_VERSION = 1;
				DEVELOPMENT_ASSET_PATHS = "\"SwiftUIPracticeProject/Preview Content\"";
				DEVELOPMENT_TEAM = 9M37U587ZT;
				ENABLE_PREVIEWS = YES;
				GENERATE_INFOPLIST_FILE = YES;
				INFOPLIST_KEY_UIApplicationSceneManifest_Generation = YES;
				INFOPLIST_KEY_UIApplicationSupportsIndirectInputEvents = YES;
				INFOPLIST_KEY_UILaunchScreen_Generation = YES;
				INFOPLIST_KEY_UISupportedInterfaceOrientations_iPad = "UIInterfaceOrientationPortrait UIInterfaceOrientationPortraitUpsideDown UIInterfaceOrientationLandscapeLeft UIInterfaceOrientationLandscapeRight";
				INFOPLIST_KEY_UISupportedInterfaceOrientations_iPhone = "UIInterfaceOrientationPortrait UIInterfaceOrientationLandscapeLeft UIInterfaceOrientationLandscapeRight";
				LD_RUNPATH_SEARCH_PATHS = (
					"$(inherited)",
					"@executable_path/Frameworks",
				);
				MARKETING_VERSION = 1.0;
				PRODUCT_BUNDLE_IDENTIFIER = com.daeyunkwon.SwiftUIPracticeProject;
				PRODUCT_NAME = "$(TARGET_NAME)";
				SWIFT_EMIT_LOC_STRINGS = YES;
				SWIFT_VERSION = 5.0;
				TARGETED_DEVICE_FAMILY = "1,2";
			};
			name = Debug;
		};
		44ED39DB2C85AF6200E3E9CF /* Release */ = {
			isa = XCBuildConfiguration;
			buildSettings = {
				ASSETCATALOG_COMPILER_APPICON_NAME = AppIcon;
				ASSETCATALOG_COMPILER_GLOBAL_ACCENT_COLOR_NAME = AccentColor;
				CODE_SIGN_STYLE = Automatic;
				CURRENT_PROJECT_VERSION = 1;
				DEVELOPMENT_ASSET_PATHS = "\"SwiftUIPracticeProject/Preview Content\"";
				DEVELOPMENT_TEAM = 9M37U587ZT;
				ENABLE_PREVIEWS = YES;
				GENERATE_INFOPLIST_FILE = YES;
				INFOPLIST_KEY_UIApplicationSceneManifest_Generation = YES;
				INFOPLIST_KEY_UIApplicationSupportsIndirectInputEvents = YES;
				INFOPLIST_KEY_UILaunchScreen_Generation = YES;
				INFOPLIST_KEY_UISupportedInterfaceOrientations_iPad = "UIInterfaceOrientationPortrait UIInterfaceOrientationPortraitUpsideDown UIInterfaceOrientationLandscapeLeft UIInterfaceOrientationLandscapeRight";
				INFOPLIST_KEY_UISupportedInterfaceOrientations_iPhone = "UIInterfaceOrientationPortrait UIInterfaceOrientationLandscapeLeft UIInterfaceOrientationLandscapeRight";
				LD_RUNPATH_SEARCH_PATHS = (
					"$(inherited)",
					"@executable_path/Frameworks",
				);
				MARKETING_VERSION = 1.0;
				PRODUCT_BUNDLE_IDENTIFIER = com.daeyunkwon.SwiftUIPracticeProject;
				PRODUCT_NAME = "$(TARGET_NAME)";
				SWIFT_EMIT_LOC_STRINGS = YES;
				SWIFT_VERSION = 5.0;
				TARGETED_DEVICE_FAMILY = "1,2";
			};
			name = Release;
		};
/* End XCBuildConfiguration section */

/* Begin XCConfigurationList section */
		44ED39C62C85AF6000E3E9CF /* Build configuration list for PBXProject "SwiftUIPracticeProject" */ = {
			isa = XCConfigurationList;
			buildConfigurations = (
				44ED39D72C85AF6200E3E9CF /* Debug */,
				44ED39D82C85AF6200E3E9CF /* Release */,
			);
			defaultConfigurationIsVisible = 0;
			defaultConfigurationName = Release;
		};
		44ED39D92C85AF6200E3E9CF /* Build configuration list for PBXNativeTarget "SwiftUIPracticeProject" */ = {
			isa = XCConfigurationList;
			buildConfigurations = (
				44ED39DA2C85AF6200E3E9CF /* Debug */,
				44ED39DB2C85AF6200E3E9CF /* Release */,
			);
			defaultConfigurationIsVisible = 0;
			defaultConfigurationName = Release;
		};
/* End XCConfigurationList section */
	};
	rootObject = 44ED39C32C85AF6000E3E9CF /* Project object */;
}
